{
	"name": "@agrzes/yellow-2020-web-vue-router",
	"version": "1.1.2",
	"lockfileVersion": 1,
	"requires": true,
	"dependencies": {
		"@agrzes/yellow-2020-common-data": {
			"version": "1.1.2",
			"resolved": "https://registry.npmjs.org/@agrzes/yellow-2020-common-data/-/yellow-2020-common-data-1.1.2.tgz",
			"integrity": "sha512-6JUT1NktgfSxdiRmGs9UV8aM0KZ6vBXZGxr/nTMWBIKEwgwSb10FNhIyuhJJNNSVOA0Eh3qBoacvAPNlQ/x46Q=="
		},
		"@agrzes/yellow-2020-common-metadata": {
			"version": "1.1.2",
			"resolved": "https://registry.npmjs.org/@agrzes/yellow-2020-common-metadata/-/yellow-2020-common-metadata-1.1.2.tgz",
			"integrity": "sha512-Kc1XhjHGk785/LSDofvwUHGlURyAf1UD5nvEyFCHKxhsO+dtLVud29u0KjRo7TLJ0Z1L1/0HidRu/bIstwGPdw==",
			"requires": {
				"@agrzes/yellow-2020-common-data": "^1.1.2"
			}
		},
		"@agrzes/yellow-2020-common-ui-model": {
			"version": "1.1.2",
			"resolved": "https://registry.npmjs.org/@agrzes/yellow-2020-common-ui-model/-/yellow-2020-common-ui-model-1.1.2.tgz",
			"integrity": "sha512-9YsW+NoKberyfVwSG/LFf+f1r7vhIDdhqq104RIJ3dxMFZyMKDZLc5j++SLCr85iKYrVgIunrHQHtTCqfwrt7g=="
		},
		"@agrzes/yellow-vue-components": {
			"version": "1.0.2",
			"resolved": "https://registry.npmjs.org/@agrzes/yellow-vue-components/-/yellow-vue-components-1.0.2.tgz",
			"integrity": "sha512-G1ZyM4vGIfWc40qn+DFU1Gz1Hs/kkTnYmfcj7tQTk9gIr0q21Tgj3UthDWgp744wn/vO+UvOa/kk0TGHiFZoxg==",
			"requires": {
				"ace-builds": "^1.4.9",
				"js-yaml": "^3.13.1",
				"lodash": "^4.17.15"
			}
		},
		"@fortawesome/fontawesome-free": {
			"version": "5.13.0",
			"resolved": "https://registry.npmjs.org/@fortawesome/fontawesome-free/-/fontawesome-free-5.13.0.tgz",
			"integrity": "sha512-xKOeQEl5O47GPZYIMToj6uuA2syyFlq9EMSl2ui0uytjY9xbe8XS0pexNWmxrdcCyNGyDmLyYw5FtKsalBUeOg=="
		},
		"ace-builds": {
			"version": "1.4.11",
			"resolved": "https://registry.npmjs.org/ace-builds/-/ace-builds-1.4.11.tgz",
			"integrity": "sha512-keACH1d7MvAh72fE/us36WQzOFQPJbHphNpj33pXwVZOM84pTWcdFzIAvngxOGIGLTm7gtUP2eJ4Ku6VaPo8bw=="
		},
		"argparse": {
			"version": "1.0.10",
			"resolved": "https://registry.npmjs.org/argparse/-/argparse-1.0.10.tgz",
			"integrity": "sha512-o5Roy6tNG4SL/FOkCAN6RzjiakZS25RLYFrcMttJqbdd8BWrnA+fGz57iN5Pb06pvBGvl5gQ0B48dJlslXvoTg==",
			"requires": {
				"sprintf-js": "~1.0.2"
			}
		},
		"esprima": {
			"version": "4.0.1",
			"resolved": "https://registry.npmjs.org/esprima/-/esprima-4.0.1.tgz",
			"integrity": "sha512-eGuFFw7Upda+g4p+QHvnW0RyTX/SVeJBDM/gCtMARO0cLuT2HcEKnTPvhjV6aGeqrCB/sbNop0Kszm0jsaWU4A=="
		},
		"js-yaml": {
			"version": "3.13.1",
			"resolved": "https://registry.npmjs.org/js-yaml/-/js-yaml-3.13.1.tgz",
			"integrity": "sha512-YfbcO7jXDdyj0DGxYVSlSeQNHbD7XPWvrVWeVUujrQEoZzWJIRrCPoyk6kL6IAjAG2IolMK4T0hNUe0HOUs5Jw==",
			"requires": {
				"argparse": "^1.0.7",
				"esprima": "^4.0.0"
			}
		},
		"lodash": {
			"version": "4.17.15",
			"resolved": "https://registry.npmjs.org/lodash/-/lodash-4.17.15.tgz",
			"integrity": "sha512-8xOcRHvCjnocdS5cpwXQXVzmmh5e5+saE2QGoeQmbKmRS6J3VQppPOIt0MnmE+4xlZoumy0GPG0D0MVIQbNA1A=="
		},
		"sprintf-js": {
			"version": "1.0.3",
			"resolved": "https://registry.npmjs.org/sprintf-js/-/sprintf-js-1.0.3.tgz",
			"integrity": "sha1-BOaSb2YolTVPPdAVIDYzuFcpfiw="
		}
	}
}
