{
  "name": "@agrzes/yellow-2020-common-model",
  "version": "1.1.3",
  "lockfileVersion": 1,
  "requires": true,
  "dependencies": {
    "@agrzes/yellow-2020-common-data": {
      "version": "1.1.2",
      "resolved": "https://registry.npmjs.org/@agrzes/yellow-2020-common-data/-/yellow-2020-common-data-1.1.2.tgz",
      "integrity": "sha512-6JUT1NktgfSxdiRmGs9UV8aM0KZ6vBXZGxr/nTMWBIKEwgwSb10FNhIyuhJJNNSVOA0Eh3qBoacvAPNlQ/x46Q=="
    },
    "@agrzes/yellow-2020-common-metadata": {
      "version": "1.1.2",
      "resolved": "https://registry.npmjs.org/@agrzes/yellow-2020-common-metadata/-/yellow-2020-common-metadata-1.1.2.tgz",
      "integrity": "sha512-Kc1XhjHGk785/LSDofvwUHGlURyAf1UD5nvEyFCHKxhsO+dtLVud29u0KjRo7TLJ0Z1L1/0HidRu/bIstwGPdw==",
      "requires": {
        "@agrzes/yellow-2020-common-data": "^1.1.2"
      }
    }
  }
}
