{
  "name": "@agrzes/yellow-2020-common-model",
  "version": "1.1.2",
  "lockfileVersion": 1,
  "requires": true,
  "dependencies": {
    "@agrzes/yellow-2020-common-data": {
      "version": "1.0.0"
    },
    "@agrzes/yellow-2020-common-metadata": {
      "version": "1.0.0",
      "requires": {
        "@agrzes/yellow-2020-common-data": "^1.0.0"
      },
      "dependencies": {
        "@agrzes/yellow-2020-common-data": {
          "version": "1.0.0"
        }
      }
    }
  }
}
